
Microsoft Visual Studio Solution File, Format Version 12.00
# Visual Studio Version 16
VisualStudioVersion = 16.0.31321.278
MinimumVisualStudioVersion = 10.0.40219.1
Project("{FAE04EC0-301F-11D3-BF4B-00C04F79EFBC}") = "PatronesDiseño", "PatronesDiseño\PatronesDiseño.csproj", "{F8BAF583-D4C9-4B21-A5D2-5B01D670A972}"
EndProject
Global
	GlobalSection(SolutionConfigurationPlatforms) = preSolution
		Debug|Any CPU = Debug|Any CPU
		Release|Any CPU = Release|Any CPU
	EndGlobalSection
	GlobalSection(ProjectConfigurationPlatforms) = postSolution
		{F8BAF583-D4C9-4B21-A5D2-5B01D670A972}.Debug|Any CPU.ActiveCfg = Debug|Any CPU
		{F8BAF583-D4C9-4B21-A5D2-5B01D670A972}.Debug|Any CPU.Build.0 = Debug|Any CPU
		{F8BAF583-D4C9-4B21-A5D2-5B01D670A972}.Release|Any CPU.ActiveCfg = Release|Any CPU
		{F8BAF583-D4C9-4B21-A5D2-5B01D670A972}.Release|Any CPU.Build.0 = Release|Any CPU
	EndGlobalSection
	GlobalSection(SolutionProperties) = preSolution
		HideSolutionNode = FALSE
	EndGlobalSection
	GlobalSection(ExtensibilityGlobals) = postSolution
		SolutionGuid = {D34342F7-4894-4A11-9DFF-494B5C41C384}
	EndGlobalSection
EndGlobal
